
Microsoft Visual Studio Solution File, Format Version 12.00
# Visual Studio Version 16
VisualStudioVersion = 16.0.31205.134
MinimumVisualStudioVersion = 10.0.40219.1
Project("{FAE04EC0-301F-11D3-BF4B-00C04F79EFBC}") = "Familyapptest", "Familyapptest\Familyapptest.csproj", "{B53922E9-7FC4-44AE-B1D0-71DED66F8668}"
EndProject
Project("{FAE04EC0-301F-11D3-BF4B-00C04F79EFBC}") = "Obligm33", "Obligm33\Obligm33.csproj", "{974DF12F-09DC-41DF-833B-E4CB01F708C6}"
EndProject
Global
	GlobalSection(SolutionConfigurationPlatforms) = preSolution
		Debug|Any CPU = Debug|Any CPU
		Release|Any CPU = Release|Any CPU
	EndGlobalSection
	GlobalSection(ProjectConfigurationPlatforms) = postSolution
		{B53922E9-7FC4-44AE-B1D0-71DED66F8668}.Debug|Any CPU.ActiveCfg = Debug|Any CPU
		{B53922E9-7FC4-44AE-B1D0-71DED66F8668}.Debug|Any CPU.Build.0 = Debug|Any CPU
		{B53922E9-7FC4-44AE-B1D0-71DED66F8668}.Release|Any CPU.ActiveCfg = Release|Any CPU
		{B53922E9-7FC4-44AE-B1D0-71DED66F8668}.Release|Any CPU.Build.0 = Release|Any CPU
		{974DF12F-09DC-41DF-833B-E4CB01F708C6}.Debug|Any CPU.ActiveCfg = Debug|Any CPU
		{974DF12F-09DC-41DF-833B-E4CB01F708C6}.Debug|Any CPU.Build.0 = Debug|Any CPU
		{974DF12F-09DC-41DF-833B-E4CB01F708C6}.Release|Any CPU.ActiveCfg = Release|Any CPU
		{974DF12F-09DC-41DF-833B-E4CB01F708C6}.Release|Any CPU.Build.0 = Release|Any CPU
	EndGlobalSection
	GlobalSection(SolutionProperties) = preSolution
		HideSolutionNode = FALSE
	EndGlobalSection
	GlobalSection(ExtensibilityGlobals) = postSolution
		SolutionGuid = {D8907A89-A618-4BC4-A64E-B2C4A8A2215F}
	EndGlobalSection
EndGlobal
